
Microsoft Visual Studio Solution File, Format Version 12.00
# Visual Studio Version 17
VisualStudioVersion = 17.9.34622.214
MinimumVisualStudioVersion = 10.0.40219.1
Project("{FAE04EC0-301F-11D3-BF4B-00C04F79EFBC}") = "Lab3Wpf", "Lab3Wpf\Lab3Wpf.csproj", "{DFBF964C-7C89-47A1-9C80-5D0194F2FA79}"
EndProject
Global
	GlobalSection(SolutionConfigurationPlatforms) = preSolution
		Debug|Any CPU = Debug|Any CPU
		Release|Any CPU = Release|Any CPU
	EndGlobalSection
	GlobalSection(ProjectConfigurationPlatforms) = postSolution
		{DFBF964C-7C89-47A1-9C80-5D0194F2FA79}.Debug|Any CPU.ActiveCfg = Debug|Any CPU
		{DFBF964C-7C89-47A1-9C80-5D0194F2FA79}.Debug|Any CPU.Build.0 = Debug|Any CPU
		{DFBF964C-7C89-47A1-9C80-5D0194F2FA79}.Release|Any CPU.ActiveCfg = Release|Any CPU
		{DFBF964C-7C89-47A1-9C80-5D0194F2FA79}.Release|Any CPU.Build.0 = Release|Any CPU
	EndGlobalSection
	GlobalSection(SolutionProperties) = preSolution
		HideSolutionNode = FALSE
	EndGlobalSection
	GlobalSection(ExtensibilityGlobals) = postSolution
		SolutionGuid = {4876CAD7-849B-4122-A9EA-4E9158AE70D2}
	EndGlobalSection
EndGlobal
